
Microsoft Visual Studio Solution File, Format Version 12.00
# Visual Studio Version 16
VisualStudioVersion = 16.0.30204.135
MinimumVisualStudioVersion = 10.0.40219.1
Project("{8BC9CEB8-8B4A-11D0-8D11-00A0C91BC942}") = "learnSTL", "learnSTL.vcxproj", "{6AA59EB0-2595-4EAF-AF9B-B3C5EEB08559}"
EndProject
Global
	GlobalSection(SolutionConfigurationPlatforms) = preSolution
		Debug|x64 = Debug|x64
		Debug|x86 = Debug|x86
		Release|x64 = Release|x64
		Release|x86 = Release|x86
	EndGlobalSection
	GlobalSection(ProjectConfigurationPlatforms) = postSolution
		{6AA59EB0-2595-4EAF-AF9B-B3C5EEB08559}.Debug|x64.ActiveCfg = Debug|x64
		{6AA59EB0-2595-4EAF-AF9B-B3C5EEB08559}.Debug|x64.Build.0 = Debug|x64
		{6AA59EB0-2595-4EAF-AF9B-B3C5EEB08559}.Debug|x86.ActiveCfg = Debug|Win32
		{6AA59EB0-2595-4EAF-AF9B-B3C5EEB08559}.Debug|x86.Build.0 = Debug|Win32
		{6AA59EB0-2595-4EAF-AF9B-B3C5EEB08559}.Release|x64.ActiveCfg = Release|x64
		{6AA59EB0-2595-4EAF-AF9B-B3C5EEB08559}.Release|x64.Build.0 = Release|x64
		{6AA59EB0-2595-4EAF-AF9B-B3C5EEB08559}.Release|x86.ActiveCfg = Release|Win32
		{6AA59EB0-2595-4EAF-AF9B-B3C5EEB08559}.Release|x86.Build.0 = Release|Win32
	EndGlobalSection
	GlobalSection(SolutionProperties) = preSolution
		HideSolutionNode = FALSE
	EndGlobalSection
	GlobalSection(ExtensibilityGlobals) = postSolution
		SolutionGuid = {46B826CB-6ABF-47E9-8D7E-E934310CDCDC}
	EndGlobalSection
EndGlobal
